{
  "nodes": {
    "home-manager": {
      "inputs": {
        "nixpkgs": [
          "nixos"
        ],
        "utils": "utils"
      },
      "locked": {
        "lastModified": 1663835995,
        "narHash": "sha256-XNHQ+mdHbjNR1Oit00SFAEcrAZoCS08E7uAFcVMtwhM=",
        "owner": "nix-community",
        "repo": "home-manager",
        "rev": "bd83eab6220226085c82e637931a7ae3863d9893",
        "type": "github"
      },
      "original": {
        "owner": "nix-community",
        "ref": "master",
        "repo": "home-manager",
        "type": "github"
      }
    },
    "nixos": {
      "locked": {
        "lastModified": 1663761423,
        "narHash": "sha256-bDLXl2BVq7eIQz/8CduZI1SLyhG9u/CrckHd6f7bwPE=",
        "owner": "NixOS",
        "repo": "nixpkgs",
        "rev": "d6490a0bd9dfb298fcd8382d3363b86870dc7340",
        "type": "github"
      },
      "original": {
        "id": "nixpkgs",
        "ref": "nixos-unstable",
        "type": "indirect"
      }
    },
    "nixpkgs": {
      "locked": {
        "lastModified": 1663905476,
        "narHash": "sha256-0CSwRKaYravh9v6qSlBpM0gNg0UhKT2lL7Yn6Zbx7UM=",
        "owner": "NixOS",
        "repo": "nixpkgs",
        "rev": "e14f9fb57315f0d4abde222364f19f88c77d2b79",
        "type": "github"
      },
      "original": {
        "id": "nixpkgs",
        "ref": "master",
        "type": "indirect"
      }
    },
    "nixpkgs-22_05": {
      "locked": {
        "lastModified": 1663433994,
        "narHash": "sha256-Bpthhv1PdZRrIFct8KbHACNvOu9bsYAMEaqoH83cvqM=",
        "owner": "NixOS",
        "repo": "nixpkgs",
        "rev": "17989edb05615c4f61803b9c427d80b84c289c6b",
        "type": "github"
      },
      "original": {
        "owner": "NixOS",
        "ref": "release-22.05",
        "repo": "nixpkgs",
        "type": "github"
      }
    },
    "nur": {
      "locked": {
        "lastModified": 1663909886,
        "narHash": "sha256-qzmFXh6d8d3F77aN1G54k/+4igjBGo+IqWsTr4j8Wqg=",
        "owner": "nix-community",
        "repo": "nur",
        "rev": "335315f9c7a6eaa80d4e895e3cc3b0771f1ee20d",
        "type": "github"
      },
      "original": {
        "owner": "nix-community",
        "repo": "nur",
        "type": "github"
      }
    },
    "plasma-manager": {
      "inputs": {
        "home-manager": [
          "home-manager"
        ],
        "nixpkgs": [
          "nixos"
        ]
      },
      "locked": {
        "lastModified": 1660250141,
        "narHash": "sha256-hSN9oDfhHq7dYLGMmPMneEt1WrP4Hn9b00LMKITaquk=",
        "owner": "pjones",
        "repo": "plasma-manager",
        "rev": "ff9cb76c015cc3a9b4d8bc6839600b2978ee4055",
        "type": "github"
      },
      "original": {
        "owner": "pjones",
        "repo": "plasma-manager",
        "type": "github"
      }
    },
    "root": {
      "inputs": {
        "home-manager": "home-manager",
        "nixos": "nixos",
        "nixpkgs": "nixpkgs",
        "nur": "nur",
        "plasma-manager": "plasma-manager",
        "sops-nix": "sops-nix"
      }
    },
    "sops-nix": {
      "inputs": {
        "nixpkgs": [
          "nixos"
        ],
        "nixpkgs-22_05": "nixpkgs-22_05"
      },
      "locked": {
        "lastModified": 1663475375,
        "narHash": "sha256-uIhMyLFkU8Tp0uxLd7tKn++G/yHsB9r7YRvsBdoGvsk=",
        "owner": "Mic92",
        "repo": "sops-nix",
        "rev": "bae718a9d1e31ec478ddfcb75149f66e9625a825",
        "type": "github"
      },
      "original": {
        "owner": "Mic92",
        "repo": "sops-nix",
        "type": "github"
      }
    },
    "utils": {
      "locked": {
        "lastModified": 1659877975,
        "narHash": "sha256-zllb8aq3YO3h8B/U0/J1WBgAL8EX5yWf5pMj3G0NAmc=",
        "owner": "numtide",
        "repo": "flake-utils",
        "rev": "c0e246b9b83f637f4681389ecabcb2681b4f3af0",
        "type": "github"
      },
      "original": {
        "owner": "numtide",
        "repo": "flake-utils",
        "type": "github"
      }
    }
  },
  "root": "root",
  "version": 7
}
