{
  "nodes": {
    "home-manager": {
      "inputs": {
        "nixpkgs": [
          "nixpkgs"
        ]
      },
      "locked": {
        "lastModified": 1648078876,
        "narHash": "sha256-oa3RA0Z0UwEZ1M5kQOT9oUVd4ew3XePOu2oDTenFd98=",
        "owner": "nix-community",
        "repo": "home-manager",
        "rev": "ac9404115362c901ffe5c5c215f76f74b79d5eda",
        "type": "github"
      },
      "original": {
        "owner": "nix-community",
        "ref": "master",
        "repo": "home-manager",
        "type": "github"
      }
    },
    "nixos": {
      "locked": {
        "lastModified": 1648034513,
        "narHash": "sha256-EMeo6i6B3aTBbAhfFYlr6OWCLcXbiePsQTDeAysnOaA=",
        "owner": "NixOS",
        "repo": "nixpkgs",
        "rev": "7aa377336ec93fbb70150804679d222f14c5e87a",
        "type": "github"
      },
      "original": {
        "id": "nixpkgs",
        "ref": "nixos-unstable-small",
        "type": "indirect"
      }
    },
    "nixpkgs": {
      "locked": {
        "lastModified": 1648261307,
        "narHash": "sha256-ONBZPEL+rdMYLYSQcWm5uBWJMSgmYsQFIx9PO3QiRHA=",
        "owner": "NixOS",
        "repo": "nixpkgs",
        "rev": "7bd96c43cf54088e660967940f6d02056e0c0c8e",
        "type": "github"
      },
      "original": {
        "id": "nixpkgs",
        "ref": "master",
        "type": "indirect"
      }
    },
    "nur": {
      "locked": {
        "lastModified": 1648261865,
        "narHash": "sha256-A78Q1vIIaL8P0Lb2wHJgpLc4FB7QaxIRoNmD8gAh2/U=",
        "owner": "nix-community",
        "repo": "nur",
        "rev": "d2bccde74e1c1bcf930b112847c246571740e539",
        "type": "github"
      },
      "original": {
        "owner": "nix-community",
        "repo": "nur",
        "type": "github"
      }
    },
    "root": {
      "inputs": {
        "home-manager": "home-manager",
        "nixos": "nixos",
        "nixpkgs": "nixpkgs",
        "nur": "nur"
      }
    }
  },
  "root": "root",
  "version": 7
}
