{
  "nodes": {
    "home-manager": {
      "inputs": {
        "nixpkgs": [
          "nixos"
        ]
      },
      "locked": {
        "lastModified": 1685438474,
        "narHash": "sha256-qQLHbg3mHYgWA3ngvWgWIdsirVkYA0StzKR3Qi72uWg=",
        "owner": "nix-community",
        "repo": "home-manager",
        "rev": "9f82227b64245c273d98dd02dedd44fc7576041e",
        "type": "github"
      },
      "original": {
        "owner": "nix-community",
        "ref": "master",
        "repo": "home-manager",
        "type": "github"
      }
    },
    "nixos": {
      "locked": {
        "lastModified": 1685383865,
        "narHash": "sha256-3uQytfnotO6QJv3r04ajSXbEFMII0dUtw0uqYlZ4dbk=",
        "owner": "NixOS",
        "repo": "nixpkgs",
        "rev": "5e871d8aa6f57cc8e0dc087d1c5013f6e212b4ce",
        "type": "github"
      },
      "original": {
        "id": "nixpkgs",
        "ref": "nixos-unstable",
        "type": "indirect"
      }
    },
    "nixpkgs": {
      "locked": {
        "lastModified": 1685453633,
        "narHash": "sha256-AhhbSOnyj8uwadXo+YOq2ybZxkg7ZwfduUJrF4QN1AI=",
        "owner": "NixOS",
        "repo": "nixpkgs",
        "rev": "d960ef5911882d64d3a57358a438597b061f9f42",
        "type": "github"
      },
      "original": {
        "id": "nixpkgs",
        "ref": "master",
        "type": "indirect"
      }
    },
    "nixpkgs-stable": {
      "locked": {
        "lastModified": 1685215858,
        "narHash": "sha256-IRMFoDXA6cYx3ifVw3B2JcC4JrjT5v7tRAx2vro2Ffs=",
        "owner": "NixOS",
        "repo": "nixpkgs",
        "rev": "ba6e4ddeb3e8ad3f3e3bec63dafbc9fe558729bb",
        "type": "github"
      },
      "original": {
        "owner": "NixOS",
        "ref": "release-22.11",
        "repo": "nixpkgs",
        "type": "github"
      }
    },
    "nur": {
      "locked": {
        "lastModified": 1685455734,
        "narHash": "sha256-9V5M0aQgSt6q8umGgtJKiDKWEu8ISm7ROKHFSEjO2D4=",
        "owner": "nix-community",
        "repo": "nur",
        "rev": "05300deda528ba5964fbdb327279901368525265",
        "type": "github"
      },
      "original": {
        "owner": "nix-community",
        "repo": "nur",
        "type": "github"
      }
    },
    "plasma-manager": {
      "inputs": {
        "home-manager": [
          "home-manager"
        ],
        "nixpkgs": [
          "nixos"
        ]
      },
      "locked": {
        "lastModified": 1664383871,
        "narHash": "sha256-dOnnzfqd/PCf1K3USKq2PqSGKmIqkr/SD7zHb1yoAyw=",
        "owner": "pjones",
        "repo": "plasma-manager",
        "rev": "16c437e43a0e049b15c9bfd37295f6e978ea9955",
        "type": "github"
      },
      "original": {
        "owner": "pjones",
        "repo": "plasma-manager",
        "type": "github"
      }
    },
    "root": {
      "inputs": {
        "home-manager": "home-manager",
        "nixos": "nixos",
        "nixpkgs": "nixpkgs",
        "nur": "nur",
        "plasma-manager": "plasma-manager",
        "sops-nix": "sops-nix"
      }
    },
    "sops-nix": {
      "inputs": {
        "nixpkgs": [
          "nixos"
        ],
        "nixpkgs-stable": "nixpkgs-stable"
      },
      "locked": {
        "lastModified": 1685434555,
        "narHash": "sha256-aZl0yeaYX3T2L3W3yXOd3S9OfpS+8YUOT2b1KwrSf6E=",
        "owner": "Mic92",
        "repo": "sops-nix",
        "rev": "876846cde9762ae563f018c17993354875e2538e",
        "type": "github"
      },
      "original": {
        "owner": "Mic92",
        "repo": "sops-nix",
        "type": "github"
      }
    }
  },
  "root": "root",
  "version": 7
}
